#
# This file is autogenerated by pip-compile with Python 3.12
# by the following command:
#
#    pip-compile --output-file=requirements.lock requirements.txt
#
annotated-doc==0.0.5
    # via fastapi
annotated-types==0.8.0
    # via pydantic
anyio==4.15.1
    # via
    #   starlette
    #   watchfiles
azure-core==1.41.0
    # via azure-storage-blob
azure-storage-blob==12.31.0
    # via -r requirements.txt
boto3==1.43.78
    # via -r requirements.txt
botocore==1.43.109
    # via
    #   boto3
    #   s3transfer
certifi==2026.7.22
    # via
    #   curl-cffi
    #   requests
    #   sentry-sdk
cffi==2.1.1
    # via
    #   cryptography
    #   curl-cffi
charset-normalizer==3.5.2
    # via requests
click==8.5.0
    # via uvicorn
cramjam==2.13.0
    # via fastparquet
cryptography==50.0.1
    # via
    #   -r requirements.txt
    #   azure-storage-blob
    #   google-auth
curl-cffi==0.16.3
    # via -r requirements.txt
duckdb==1.5.5
    # via -r requirements.txt
et-xmlfile==2.0.0
    # via openpyxl
fastapi==0.136.3
    # via
    #   -r requirements.txt
    #   sentry-sdk
fastparquet==2026.5.0
    # via -r requirements.txt
fsspec==2026.9.0
    # via fastparquet
google-analytics-data==0.23.3
    # via -r requirements.txt
google-api-core[grpc]==2.42.0
    # via
    #   google-analytics-data
    #   google-cloud-core
    #   google-cloud-storage
google-auth==2.61.0
    # via
    #   -r requirements.txt
    #   google-analytics-data
    #   google-api-core
    #   google-cloud-core
    #   google-cloud-storage
google-cloud-core==2.8.0
    # via google-cloud-storage
google-cloud-storage==3.17.0
    # via -r requirements.txt
google-crc32c==1.9.0
    # via
    #   google-cloud-storage
    #   google-resumable-media
google-resumable-media==2.11.0
    # via google-cloud-storage
googleapis-common-protos==1.75.5
    # via
    #   google-api-core
    #   grpcio-status
greenlet==3.5.6
    # via sqlalchemy
grpcio==1.84.0
    # via
    #   google-analytics-data
    #   google-api-core
    #   grpcio-status
grpcio-status==1.84.0
    # via google-api-core
h11==0.16.0
    # via uvicorn
httptools==0.8.0
    # via uvicorn
idna==3.20
    # via
    #   anyio
    #   requests
isodate==0.7.2
    # via azure-storage-blob
jmespath==1.1.0
    # via
    #   boto3
    #   botocore
numpy==2.4.6
    # via
    #   -r requirements.txt
    #   fastparquet
    #   pandas
openpyxl==3.1.5
    # via -r requirements.txt
opentelemetry-api==1.45.1
    # via google-api-core
packaging==26.3
    # via fastparquet
pandas==3.0.3
    # via
    #   -r requirements.txt
    #   fastparquet
proto-plus==1.29.0
    # via
    #   google-analytics-data
    #   google-api-core
protobuf==7.36.2
    # via
    #   google-analytics-data
    #   google-api-core
    #   googleapis-common-protos
    #   grpcio-status
    #   proto-plus
psycopg[binary]==3.3.4
    # via -r requirements.txt
psycopg-binary==3.3.4
    # via psycopg
pyarrow==25.0.0
    # via -r requirements.txt
pyasn1==0.6.4
    # via pyasn1-modules
pyasn1-modules==0.4.2
    # via google-auth
pycparser==3.1
    # via cffi
pydantic==2.14.0
    # via fastapi
pydantic-core==2.50.0
    # via pydantic
pyjwt==2.13.0
    # via -r requirements.txt
pymssql==2.4.3
    # via -r requirements.txt
pymysql==1.2.3
    # via -r requirements.txt
python-dateutil==2.9.0.post0
    # via
    #   botocore
    #   pandas
python-dotenv==1.2.4
    # via uvicorn
python-multipart==0.0.32
    # via -r requirements.txt
pyyaml==6.0.3
    # via uvicorn
redis==8.1.0
    # via -r requirements.txt
requests==2.34.2
    # via
    #   azure-core
    #   google-api-core
    #   google-cloud-storage
s3transfer==0.19.2
    # via boto3
sentry-sdk[fastapi]==2.71.0
    # via -r requirements.txt
six==1.17.0
    # via python-dateutil
sqlalchemy==2.0.50
    # via -r requirements.txt
starlette==1.7.0
    # via fastapi
typing-extensions==4.16.0
    # via
    #   anyio
    #   azure-core
    #   azure-storage-blob
    #   fastapi
    #   grpcio
    #   opentelemetry-api
    #   psycopg
    #   pydantic
    #   pydantic-core
    #   sqlalchemy
    #   starlette
    #   typing-inspection
typing-inspection==0.4.4
    # via
    #   fastapi
    #   pydantic
urllib3==2.8.0
    # via
    #   botocore
    #   requests
    #   sentry-sdk
uvicorn[standard]==0.49.0
    # via -r requirements.txt
uvloop==0.23.0
    # via uvicorn
watchfiles==1.3.0
    # via uvicorn
websockets==17.2
    # via uvicorn
